// !$*UTF8*$!
{
	archiveVersion = 1;
	classes = {
	};
	objectVersion = 56;
	objects = {

/* Begin PBXBuildFile section */
		3F67F4132AEFAFAD00C5EB86 /* AppDelegate.swift in Sources */ = {isa = PBXBuildFile; fileRef = 3F67F4122AEFAFAD00C5EB86 /* AppDelegate.swift */; };
		3F67F4152AEFAFAD00C5EB86 /* SceneDelegate.swift in Sources */ = {isa = PBXBuildFile; fileRef = 3F67F4142AEFAFAD00C5EB86 /* SceneDelegate.swift */; };
		3F67F4172AEFAFAD00C5EB86 /* ViewController.swift in Sources */ = {isa = PBXBuildFile; fileRef = 3F67F4162AEFAFAD00C5EB86 /* ViewController.swift */; };
		3F67F41A2AEFAFAD00C5EB86 /* Main.storyboard in Resources */ = {isa = PBXBuildFile; fileRef = 3F67F4182AEFAFAD00C5EB86 /* Main.storyboard */; };
		3F67F41C2AEFAFB100C5EB86 /* Assets.xcassets in Resources */ = {isa = PBXBuildFile; fileRef = 3F67F41B2AEFAFB100C5EB86 /* Assets.xcassets */; };
		3F67F41F2AEFAFB100C5EB86 /* LaunchScreen.storyboard in Resources */ = {isa = PBXBuildFile; fileRef = 3F67F41D2AEFAFB100C5EB86 /* LaunchScreen.storyboard */; };
		3F67F42A2AEFAFB100C5EB86 /* navigationControllerTests.swift in Sources */ = {isa = PBXBuildFile; fileRef = 3F67F4292AEFAFB100C5EB86 /* navigationControllerTests.swift */; };
		3F67F4342AEFAFB100C5EB86 /* navigationControllerUITests.swift in Sources */ = {isa = PBXBuildFile; fileRef = 3F67F4332AEFAFB100C5EB86 /* navigationControllerUITests.swift */; };
		3F67F4362AEFAFB100C5EB86 /* navigationControllerUITestsLaunchTests.swift in Sources */ = {isa = PBXBuildFile; fileRef = 3F67F4352AEFAFB100C5EB86 /* navigationControllerUITestsLaunchTests.swift */; };
/* End PBXBuildFile section */

/* Begin PBXContainerItemProxy section */
		3F67F4262AEFAFB100C5EB86 /* PBXContainerItemProxy */ = {
			isa = PBXContainerItemProxy;
			containerPortal = 3F67F4072AEFAFAD00C5EB86 /* Project object */;
			proxyType = 1;
			remoteGlobalIDString = 3F67F40E2AEFAFAD00C5EB86;
			remoteInfo = navigationController;
		};
		3F67F4302AEFAFB100C5EB86 /* PBXContainerItemProxy */ = {
			isa = PBXContainerItemProxy;
			containerPortal = 3F67F4072AEFAFAD00C5EB86 /* Project object */;
			proxyType = 1;
			remoteGlobalIDString = 3F67F40E2AEFAFAD00C5EB86;
			remoteInfo = navigationController;
		};
/* End PBXContainerItemProxy section */

/* Begin PBXFileReference section */
		3F67F40F2AEFAFAD00C5EB86 /* navigationController.app */ = {isa = PBXFileReference; explicitFileType = wrapper.application; includeInIndex = 0; path = navigationController.app; sourceTree = BUILT_PRODUCTS_DIR; };
		3F67F4122AEFAFAD00C5EB86 /* AppDelegate.swift */ = {isa = PBXFileReference; lastKnownFileType = sourcecode.swift; path = AppDelegate.swift; sourceTree = "<group>"; };
		3F67F4142AEFAFAD00C5EB86 /* SceneDelegate.swift */ = {isa = PBXFileReference; lastKnownFileType = sourcecode.swift; path = SceneDelegate.swift; sourceTree = "<group>"; };
		3F67F4162AEFAFAD00C5EB86 /* ViewController.swift */ = {isa = PBXFileReference; lastKnownFileType = sourcecode.swift; path = ViewController.swift; sourceTree = "<group>"; };
		3F67F4192AEFAFAD00C5EB86 /* Base */ = {isa = PBXFileReference; lastKnownFileType = file.storyboard; name = Base; path = Base.lproj/Main.storyboard; sourceTree = "<group>"; };
		3F67F41B2AEFAFB100C5EB86 /* Assets.xcassets */ = {isa = PBXFileReference; lastKnownFileType = folder.assetcatalog; path = Assets.xcassets; sourceTree = "<group>"; };
		3F67F41E2AEFAFB100C5EB86 /* Base */ = {isa = PBXFileReference; lastKnownFileType = file.storyboard; name = Base; path = Base.lproj/LaunchScreen.storyboard; sourceTree = "<group>"; };
		3F67F4202AEFAFB100C5EB86 /* Info.plist */ = {isa = PBXFileReference; lastKnownFileType = text.plist.xml; path = Info.plist; sourceTree = "<group>"; };
		3F67F4252AEFAFB100C5EB86 /* navigationControllerTests.xctest */ = {isa = PBXFileReference; explicitFileType = wrapper.cfbundle; includeInIndex = 0; path = navigationControllerTests.xctest; sourceTree = BUILT_PRODUCTS_DIR; };
		3F67F4292AEFAFB100C5EB86 /* navigationControllerTests.swift */ = {isa = PBXFileReference; lastKnownFileType = sourcecode.swift; path = navigationControllerTests.swift; sourceTree = "<group>"; };
		3F67F42F2AEFAFB100C5EB86 /* navigationControllerUITests.xctest */ = {isa = PBXFileReference; explicitFileType = wrapper.cfbundle; includeInIndex = 0; path = navigationControllerUITests.xctest; sourceTree = BUILT_PRODUCTS_DIR; };
		3F67F4332AEFAFB100C5EB86 /* navigationControllerUITests.swift */ = {isa = PBXFileReference; lastKnownFileType = sourcecode.swift; path = navigationControllerUITests.swift; sourceTree = "<group>"; };
		3F67F4352AEFAFB100C5EB86 /* navigationControllerUITestsLaunchTests.swift */ = {isa = PBXFileReference; lastKnownFileType = sourcecode.swift; path = navigationControllerUITestsLaunchTests.swift; sourceTree = "<group>"; };
/* End PBXFileReference section */

/* Begin PBXFrameworksBuildPhase section */
		3F67F40C2AEFAFAD00C5EB86 /* Frameworks */ = {
			isa = PBXFrameworksBuildPhase;
			buildActionMask = 2147483647;
			files = (
			);
			runOnlyForDeploymentPostprocessing = 0;
		};
		3F67F4222AEFAFB100C5EB86 /* Frameworks */ = {
			isa = PBXFrameworksBuildPhase;
			buildActionMask = 2147483647;
			files = (
			);
			runOnlyForDeploymentPostprocessing = 0;
		};
		3F67F42C2AEFAFB100C5EB86 /* Frameworks */ = {
			isa = PBXFrameworksBuildPhase;
			buildActionMask = 2147483647;
			files = (
			);
			runOnlyForDeploymentPostprocessing = 0;
		};
/* End PBXFrameworksBuildPhase section */

/* Begin PBXGroup section */
		3F67F4062AEFAFAC00C5EB86 = {
			isa = PBXGroup;
			children = (
				3F67F4112AEFAFAD00C5EB86 /* navigationController */,
				3F67F4282AEFAFB100C5EB86 /* navigationControllerTests */,
				3F67F4322AEFAFB100C5EB86 /* navigationControllerUITests */,
				3F67F4102AEFAFAD00C5EB86 /* Products */,
			);
			sourceTree = "<group>";
		};
		3F67F4102AEFAFAD00C5EB86 /* Products */ = {
			isa = PBXGroup;
			children = (
				3F67F40F2AEFAFAD00C5EB86 /* navigationController.app */,
				3F67F4252AEFAFB100C5EB86 /* navigationControllerTests.xctest */,
				3F67F42F2AEFAFB100C5EB86 /* navigationControllerUITests.xctest */,
			);
			name = Products;
			sourceTree = "<group>";
		};
		3F67F4112AEFAFAD00C5EB86 /* navigationController */ = {
			isa = PBXGroup;
			children = (
				3F67F4122AEFAFAD00C5EB86 /* AppDelegate.swift */,
				3F67F4142AEFAFAD00C5EB86 /* SceneDelegate.swift */,
				3F67F4162AEFAFAD00C5EB86 /* ViewController.swift */,
				3F67F4182AEFAFAD00C5EB86 /* Main.storyboard */,
				3F67F41B2AEFAFB100C5EB86 /* Assets.xcassets */,
				3F67F41D2AEFAFB100C5EB86 /* LaunchScreen.storyboard */,
				3F67F4202AEFAFB100C5EB86 /* Info.plist */,
			);
			path = navigationController;
			sourceTree = "<group>";
		};
		3F67F4282AEFAFB100C5EB86 /* navigationControllerTests */ = {
			isa = PBXGroup;
			children = (
				3F67F4292AEFAFB100C5EB86 /* navigationControllerTests.swift */,
			);
			path = navigationControllerTests;
			sourceTree = "<group>";
		};
		3F67F4322AEFAFB100C5EB86 /* navigationControllerUITests */ = {
			isa = PBXGroup;
			children = (
				3F67F4332AEFAFB100C5EB86 /* navigationControllerUITests.swift */,
				3F67F4352AEFAFB100C5EB86 /* navigationControllerUITestsLaunchTests.swift */,
			);
			path = navigationControllerUITests;
			sourceTree = "<group>";
		};
/* End PBXGroup section */

/* Begin PBXNativeTarget section */
		3F67F40E2AEFAFAD00C5EB86 /* navigationController */ = {
			isa = PBXNativeTarget;
			buildConfigurationList = 3F67F4392AEFAFB100C5EB86 /* Build configuration list for PBXNativeTarget "navigationController" */;
			buildPhases = (
				3F67F40B2AEFAFAD00C5EB86 /* Sources */,
				3F67F40C2AEFAFAD00C5EB86 /* Frameworks */,
				3F67F40D2AEFAFAD00C5EB86 /* Resources */,
			);
			buildRules = (
			);
			dependencies = (
			);
			name = navigationController;
			productName = navigationController;
			productReference = 3F67F40F2AEFAFAD00C5EB86 /* navigationController.app */;
			productType = "com.apple.product-type.application";
		};
		3F67F4242AEFAFB100C5EB86 /* navigationControllerTests */ = {
			isa = PBXNativeTarget;
			buildConfigurationList = 3F67F43C2AEFAFB100C5EB86 /* Build configuration list for PBXNativeTarget "navigationControllerTests" */;
			buildPhases = (
				3F67F4212AEFAFB100C5EB86 /* Sources */,
				3F67F4222AEFAFB100C5EB86 /* Frameworks */,
				3F67F4232AEFAFB100C5EB86 /* Resources */,
			);
			buildRules = (
			);
			dependencies = (
				3F67F4272AEFAFB100C5EB86 /* PBXTargetDependency */,
			);
			name = navigationControllerTests;
			productName = navigationControllerTests;
			productReference = 3F67F4252AEFAFB100C5EB86 /* navigationControllerTests.xctest */;
			productType = "com.apple.product-type.bundle.unit-test";
		};
		3F67F42E2AEFAFB100C5EB86 /* navigationControllerUITests */ = {
			isa = PBXNativeTarget;
			buildConfigurationList = 3F67F43F2AEFAFB100C5EB86 /* Build configuration list for PBXNativeTarget "navigationControllerUITests" */;
			buildPhases = (
				3F67F42B2AEFAFB100C5EB86 /* Sources */,
				3F67F42C2AEFAFB100C5EB86 /* Frameworks */,
				3F67F42D2AEFAFB100C5EB86 /* Resources */,
			);
			buildRules = (
			);
			dependencies = (
				3F67F4312AEFAFB100C5EB86 /* PBXTargetDependency */,
			);
			name = navigationControllerUITests;
			productName = navigationControllerUITests;
			productReference = 3F67F42F2AEFAFB100C5EB86 /* navigationControllerUITests.xctest */;
			productType = "com.apple.product-type.bundle.ui-testing";
		};
/* End PBXNativeTarget section */

/* Begin PBXProject section */
		3F67F4072AEFAFAD00C5EB86 /* Project object */ = {
			isa = PBXProject;
			attributes = {
				BuildIndependentTargetsInParallel = 1;
				LastSwiftUpdateCheck = 1400;
				LastUpgradeCheck = 1400;
				TargetAttributes = {
					3F67F40E2AEFAFAD00C5EB86 = {
						CreatedOnToolsVersion = 14.0.1;
					};
					3F67F4242AEFAFB100C5EB86 = {
						CreatedOnToolsVersion = 14.0.1;
						TestTargetID = 3F67F40E2AEFAFAD00C5EB86;
					};
					3F67F42E2AEFAFB100C5EB86 = {
						CreatedOnToolsVersion = 14.0.1;
						TestTargetID = 3F67F40E2AEFAFAD00C5EB86;
					};
				};
			};
			buildConfigurationList = 3F67F40A2AEFAFAD00C5EB86 /* Build configuration list for PBXProject "navigationController" */;
			compatibilityVersion = "Xcode 14.0";
			developmentRegion = en;
			hasScannedForEncodings = 0;
			knownRegions = (
				en,
				Base,
			);
			mainGroup = 3F67F4062AEFAFAC00C5EB86;
			productRefGroup = 3F67F4102AEFAFAD00C5EB86 /* Products */;
			projectDirPath = "";
			projectRoot = "";
			targets = (
				3F67F40E2AEFAFAD00C5EB86 /* navigationController */,
				3F67F4242AEFAFB100C5EB86 /* navigationControllerTests */,
				3F67F42E2AEFAFB100C5EB86 /* navigationControllerUITests */,
			);
		};
/* End PBXProject section */

/* Begin PBXResourcesBuildPhase section */
		3F67F40D2AEFAFAD00C5EB86 /* Resources */ = {
			isa = PBXResourcesBuildPhase;
			buildActionMask = 2147483647;
			files = (
				3F67F41F2AEFAFB100C5EB86 /* LaunchScreen.storyboard in Resources */,
				3F67F41C2AEFAFB100C5EB86 /* Assets.xcassets in Resources */,
				3F67F41A2AEFAFAD00C5EB86 /* Main.storyboard in Resources */,
			);
			runOnlyForDeploymentPostprocessing = 0;
		};
		3F67F4232AEFAFB100C5EB86 /* Resources */ = {
			isa = PBXResourcesBuildPhase;
			buildActionMask = 2147483647;
			files = (
			);
			runOnlyForDeploymentPostprocessing = 0;
		};
		3F67F42D2AEFAFB100C5EB86 /* Resources */ = {
			isa = PBXResourcesBuildPhase;
			buildActionMask = 2147483647;
			files = (
			);
			runOnlyForDeploymentPostprocessing = 0;
		};
/* End PBXResourcesBuildPhase section */

/* Begin PBXSourcesBuildPhase section */
		3F67F40B2AEFAFAD00C5EB86 /* Sources */ = {
			isa = PBXSourcesBuildPhase;
			buildActionMask = 2147483647;
			files = (
				3F67F4172AEFAFAD00C5EB86 /* ViewController.swift in Sources */,
				3F67F4132AEFAFAD00C5EB86 /* AppDelegate.swift in Sources */,
				3F67F4152AEFAFAD00C5EB86 /* SceneDelegate.swift in Sources */,
			);
			runOnlyForDeploymentPostprocessing = 0;
		};
		3F67F4212AEFAFB100C5EB86 /* Sources */ = {
			isa = PBXSourcesBuildPhase;
			buildActionMask = 2147483647;
			files = (
				3F67F42A2AEFAFB100C5EB86 /* navigationControllerTests.swift in Sources */,
			);
			runOnlyForDeploymentPostprocessing = 0;
		};
		3F67F42B2AEFAFB100C5EB86 /* Sources */ = {
			isa = PBXSourcesBuildPhase;
			buildActionMask = 2147483647;
			files = (
				3F67F4362AEFAFB100C5EB86 /* navigationControllerUITestsLaunchTests.swift in Sources */,
				3F67F4342AEFAFB100C5EB86 /* navigationControllerUITests.swift in Sources */,
			);
			runOnlyForDeploymentPostprocessing = 0;
		};
/* End PBXSourcesBuildPhase section */

/* Begin PBXTargetDependency section */
		3F67F4272AEFAFB100C5EB86 /* PBXTargetDependency */ = {
			isa = PBXTargetDependency;
			target = 3F67F40E2AEFAFAD00C5EB86 /* navigationController */;
			targetProxy = 3F67F4262AEFAFB100C5EB86 /* PBXContainerItemProxy */;
		};
		3F67F4312AEFAFB100C5EB86 /* PBXTargetDependency */ = {
			isa = PBXTargetDependency;
			target = 3F67F40E2AEFAFAD00C5EB86 /* navigationController */;
			targetProxy = 3F67F4302AEFAFB100C5EB86 /* PBXContainerItemProxy */;
		};
/* End PBXTargetDependency section */

/* Begin PBXVariantGroup section */
		3F67F4182AEFAFAD00C5EB86 /* Main.storyboard */ = {
			isa = PBXVariantGroup;
			children = (
				3F67F4192AEFAFAD00C5EB86 /* Base */,
			);
			name = Main.storyboard;
			sourceTree = "<group>";
		};
		3F67F41D2AEFAFB100C5EB86 /* LaunchScreen.storyboard */ = {
			isa = PBXVariantGroup;
			children = (
				3F67F41E2AEFAFB100C5EB86 /* Base */,
			);
			name = LaunchScreen.storyboard;
			sourceTree = "<group>";
		};
/* End PBXVariantGroup section */

/* Begin XCBuildConfiguration section */
		3F67F4372AEFAFB100C5EB86 /* Debug */ = {
			isa = XCBuildConfiguration;
			buildSettings = {
				ALWAYS_SEARCH_USER_PATHS = NO;
				CLANG_ANALYZER_NONNULL = YES;
				CLANG_ANALYZER_NUMBER_OBJECT_CONVERSION = YES_AGGRESSIVE;
				CLANG_CXX_LANGUAGE_STANDARD = "gnu++20";
				CLANG_ENABLE_MODULES = YES;
				CLANG_ENABLE_OBJC_ARC = YES;
				CLANG_ENABLE_OBJC_WEAK = YES;
				CLANG_WARN_BLOCK_CAPTURE_AUTORELEASING = YES;
				CLANG_WARN_BOOL_CONVERSION = YES;
				CLANG_WARN_COMMA = YES;
				CLANG_WARN_CONSTANT_CONVERSION = YES;
				CLANG_WARN_DEPRECATED_OBJC_IMPLEMENTATIONS = YES;
				CLANG_WARN_DIRECT_OBJC_ISA_USAGE = YES_ERROR;
				CLANG_WARN_DOCUMENTATION_COMMENTS = YES;
				CLANG_WARN_EMPTY_BODY = YES;
				CLANG_WARN_ENUM_CONVERSION = YES;
				CLANG_WARN_INFINITE_RECURSION = YES;
				CLANG_WARN_INT_CONVERSION = YES;
				CLANG_WARN_NON_LITERAL_NULL_CONVERSION = YES;
				CLANG_WARN_OBJC_IMPLICIT_RETAIN_SELF = YES;
				CLANG_WARN_OBJC_LITERAL_CONVERSION = YES;
				CLANG_WARN_OBJC_ROOT_CLASS = YES_ERROR;
				CLANG_WARN_QUOTED_INCLUDE_IN_FRAMEWORK_HEADER = YES;
				CLANG_WARN_RANGE_LOOP_ANALYSIS = YES;
				CLANG_WARN_STRICT_PROTOTYPES = YES;
				CLANG_WARN_SUSPICIOUS_MOVE = YES;
				CLANG_WARN_UNGUARDED_AVAILABILITY = YES_AGGRESSIVE;
				CLANG_WARN_UNREACHABLE_CODE = YES;
				CLANG_WARN__DUPLICATE_METHOD_MATCH = YES;
				COPY_PHASE_STRIP = NO;
				DEBUG_INFORMATION_FORMAT = dwarf;
				ENABLE_STRICT_OBJC_MSGSEND = YES;
				ENABLE_TESTABILITY = YES;
				GCC_C_LANGUAGE_STANDARD = gnu11;
				GCC_DYNAMIC_NO_PIC = NO;
				GCC_NO_COMMON_BLOCKS = YES;
				GCC_OPTIMIZATION_LEVEL = 0;
				GCC_PREPROCESSOR_DEFINITIONS = (
					"DEBUG=1",
					"$(inherited)",
				);
				GCC_WARN_64_TO_32_BIT_CONVERSION = YES;
				GCC_WARN_ABOUT_RETURN_TYPE = YES_ERROR;
				GCC_WARN_UNDECLARED_SELECTOR = YES;
				GCC_WARN_UNINITIALIZED_AUTOS = YES_AGGRESSIVE;
				GCC_WARN_UNUSED_FUNCTION = YES;
				GCC_WARN_UNUSED_VARIABLE = YES;
				IPHONEOS_DEPLOYMENT_TARGET = 16.0;
				MTL_ENABLE_DEBUG_INFO = INCLUDE_SOURCE;
				MTL_FAST_MATH = YES;
				ONLY_ACTIVE_ARCH = YES;
				SDKROOT = iphoneos;
				SWIFT_ACTIVE_COMPILATION_CONDITIONS = DEBUG;
				SWIFT_OPTIMIZATION_LEVEL = "-Onone";
			};
			name = Debug;
		};
		3F67F4382AEFAFB100C5EB86 /* Release */ = {
			isa = XCBuildConfiguration;
			buildSettings = {
				ALWAYS_SEARCH_USER_PATHS = NO;
				CLANG_ANALYZER_NONNULL = YES;
				CLANG_ANALYZER_NUMBER_OBJECT_CONVERSION = YES_AGGRESSIVE;
				CLANG_CXX_LANGUAGE_STANDARD = "gnu++20";
				CLANG_ENABLE_MODULES = YES;
				CLANG_ENABLE_OBJC_ARC = YES;
				CLANG_ENABLE_OBJC_WEAK = YES;
				CLANG_WARN_BLOCK_CAPTURE_AUTORELEASING = YES;
				CLANG_WARN_BOOL_CONVERSION = YES;
				CLANG_WARN_COMMA = YES;
				CLANG_WARN_CONSTANT_CONVERSION = YES;
				CLANG_WARN_DEPRECATED_OBJC_IMPLEMENTATIONS = YES;
				CLANG_WARN_DIRECT_OBJC_ISA_USAGE = YES_ERROR;
				CLANG_WARN_DOCUMENTATION_COMMENTS = YES;
				CLANG_WARN_EMPTY_BODY = YES;
				CLANG_WARN_ENUM_CONVERSION = YES;
				CLANG_WARN_INFINITE_RECURSION = YES;
				CLANG_WARN_INT_CONVERSION = YES;
				CLANG_WARN_NON_LITERAL_NULL_CONVERSION = YES;
				CLANG_WARN_OBJC_IMPLICIT_RETAIN_SELF = YES;
				CLANG_WARN_OBJC_LITERAL_CONVERSION = YES;
				CLANG_WARN_OBJC_ROOT_CLASS = YES_ERROR;
				CLANG_WARN_QUOTED_INCLUDE_IN_FRAMEWORK_HEADER = YES;
				CLANG_WARN_RANGE_LOOP_ANALYSIS = YES;
				CLANG_WARN_STRICT_PROTOTYPES = YES;
				CLANG_WARN_SUSPICIOUS_MOVE = YES;
				CLANG_WARN_UNGUARDED_AVAILABILITY = YES_AGGRESSIVE;
				CLANG_WARN_UNREACHABLE_CODE = YES;
				CLANG_WARN__DUPLICATE_METHOD_MATCH = YES;
				COPY_PHASE_STRIP = NO;
				DEBUG_INFORMATION_FORMAT = "dwarf-with-dsym";
				ENABLE_NS_ASSERTIONS = NO;
				ENABLE_STRICT_OBJC_MSGSEND = YES;
				GCC_C_LANGUAGE_STANDARD = gnu11;
				GCC_NO_COMMON_BLOCKS = YES;
				GCC_WARN_64_TO_32_BIT_CONVERSION = YES;
				GCC_WARN_ABOUT_RETURN_TYPE = YES_ERROR;
				GCC_WARN_UNDECLARED_SELECTOR = YES;
				GCC_WARN_UNINITIALIZED_AUTOS = YES_AGGRESSIVE;
				GCC_WARN_UNUSED_FUNCTION = YES;
				GCC_WARN_UNUSED_VARIABLE = YES;
				IPHONEOS_DEPLOYMENT_TARGET = 16.0;
				MTL_ENABLE_DEBUG_INFO = NO;
				MTL_FAST_MATH = YES;
				SDKROOT = iphoneos;
				SWIFT_COMPILATION_MODE = wholemodule;
				SWIFT_OPTIMIZATION_LEVEL = "-O";
				VALIDATE_PRODUCT = YES;
			};
			name = Release;
		};
		3F67F43A2AEFAFB100C5EB86 /* Debug */ = {
			isa = XCBuildConfiguration;
			buildSettings = {
				ASSETCATALOG_COMPILER_APPICON_NAME = AppIcon;
				ASSETCATALOG_COMPILER_GLOBAL_ACCENT_COLOR_NAME = AccentColor;
				CODE_SIGN_STYLE = Automatic;
				CURRENT_PROJECT_VERSION = 1;
				GENERATE_INFOPLIST_FILE = YES;
				INFOPLIST_FILE = navigationController/Info.plist;
				INFOPLIST_KEY_UIApplicationSupportsIndirectInputEvents = YES;
				INFOPLIST_KEY_UILaunchStoryboardName = LaunchScreen;
				INFOPLIST_KEY_UIMainStoryboardFile = Main;
				INFOPLIST_KEY_UISupportedInterfaceOrientations_iPad = "UIInterfaceOrientationPortrait UIInterfaceOrientationPortraitUpsideDown UIInterfaceOrientationLandscapeLeft UIInterfaceOrientationLandscapeRight";
				INFOPLIST_KEY_UISupportedInterfaceOrientations_iPhone = "UIInterfaceOrientationPortrait UIInterfaceOrientationLandscapeLeft UIInterfaceOrientationLandscapeRight";
				LD_RUNPATH_SEARCH_PATHS = (
					"$(inherited)",
					"@executable_path/Frameworks",
				);
				MARKETING_VERSION = 1.0;
				PRODUCT_BUNDLE_IDENTIFIER = MIT.navigationController;
				PRODUCT_NAME = "$(TARGET_NAME)";
				SWIFT_EMIT_LOC_STRINGS = YES;
				SWIFT_VERSION = 5.0;
				TARGETED_DEVICE_FAMILY = "1,2";
			};
			name = Debug;
		};
		3F67F43B2AEFAFB100C5EB86 /* Release */ = {
			isa = XCBuildConfiguration;
			buildSettings = {
				ASSETCATALOG_COMPILER_APPICON_NAME = AppIcon;
				ASSETCATALOG_COMPILER_GLOBAL_ACCENT_COLOR_NAME = AccentColor;
				CODE_SIGN_STYLE = Automatic;
				CURRENT_PROJECT_VERSION = 1;
				GENERATE_INFOPLIST_FILE = YES;
				INFOPLIST_FILE = navigationController/Info.plist;
				INFOPLIST_KEY_UIApplicationSupportsIndirectInputEvents = YES;
				INFOPLIST_KEY_UILaunchStoryboardName = LaunchScreen;
				INFOPLIST_KEY_UIMainStoryboardFile = Main;
				INFOPLIST_KEY_UISupportedInterfaceOrientations_iPad = "UIInterfaceOrientationPortrait UIInterfaceOrientationPortraitUpsideDown UIInterfaceOrientationLandscapeLeft UIInterfaceOrientationLandscapeRight";
				INFOPLIST_KEY_UISupportedInterfaceOrientations_iPhone = "UIInterfaceOrientationPortrait UIInterfaceOrientationLandscapeLeft UIInterfaceOrientationLandscapeRight";
				LD_RUNPATH_SEARCH_PATHS = (
					"$(inherited)",
					"@executable_path/Frameworks",
				);
				MARKETING_VERSION = 1.0;
				PRODUCT_BUNDLE_IDENTIFIER = MIT.navigationController;
				PRODUCT_NAME = "$(TARGET_NAME)";
				SWIFT_EMIT_LOC_STRINGS = YES;
				SWIFT_VERSION = 5.0;
				TARGETED_DEVICE_FAMILY = "1,2";
			};
			name = Release;
		};
		3F67F43D2AEFAFB100C5EB86 /* Debug */ = {
			isa = XCBuildConfiguration;
			buildSettings = {
				ALWAYS_EMBED_SWIFT_STANDARD_LIBRARIES = YES;
				BUNDLE_LOADER = "$(TEST_HOST)";
				CODE_SIGN_STYLE = Automatic;
				CURRENT_PROJECT_VERSION = 1;
				GENERATE_INFOPLIST_FILE = YES;
				IPHONEOS_DEPLOYMENT_TARGET = 16.0;
				MARKETING_VERSION = 1.0;
				PRODUCT_BUNDLE_IDENTIFIER = MIT.navigationControllerTests;
				PRODUCT_NAME = "$(TARGET_NAME)";
				SWIFT_EMIT_LOC_STRINGS = NO;
				SWIFT_VERSION = 5.0;
				TARGETED_DEVICE_FAMILY = "1,2";
				TEST_HOST = "$(BUILT_PRODUCTS_DIR)/navigationController.app/$(BUNDLE_EXECUTABLE_FOLDER_PATH)/navigationController";
			};
			name = Debug;
		};
		3F67F43E2AEFAFB100C5EB86 /* Release */ = {
			isa = XCBuildConfiguration;
			buildSettings = {
				ALWAYS_EMBED_SWIFT_STANDARD_LIBRARIES = YES;
				BUNDLE_LOADER = "$(TEST_HOST)";
				CODE_SIGN_STYLE = Automatic;
				CURRENT_PROJECT_VERSION = 1;
				GENERATE_INFOPLIST_FILE = YES;
				IPHONEOS_DEPLOYMENT_TARGET = 16.0;
				MARKETING_VERSION = 1.0;
				PRODUCT_BUNDLE_IDENTIFIER = MIT.navigationControllerTests;
				PRODUCT_NAME = "$(TARGET_NAME)";
				SWIFT_EMIT_LOC_STRINGS = NO;
				SWIFT_VERSION = 5.0;
				TARGETED_DEVICE_FAMILY = "1,2";
				TEST_HOST = "$(BUILT_PRODUCTS_DIR)/navigationController.app/$(BUNDLE_EXECUTABLE_FOLDER_PATH)/navigationController";
			};
			name = Release;
		};
		3F67F4402AEFAFB100C5EB86 /* Debug */ = {
			isa = XCBuildConfiguration;
			buildSettings = {
				ALWAYS_EMBED_SWIFT_STANDARD_LIBRARIES = YES;
				CODE_SIGN_STYLE = Automatic;
				CURRENT_PROJECT_VERSION = 1;
				GENERATE_INFOPLIST_FILE = YES;
				MARKETING_VERSION = 1.0;
				PRODUCT_BUNDLE_IDENTIFIER = MIT.navigationControllerUITests;
				PRODUCT_NAME = "$(TARGET_NAME)";
				SWIFT_EMIT_LOC_STRINGS = NO;
				SWIFT_VERSION = 5.0;
				TARGETED_DEVICE_FAMILY = "1,2";
				TEST_TARGET_NAME = navigationController;
			};
			name = Debug;
		};
		3F67F4412AEFAFB100C5EB86 /* Release */ = {
			isa = XCBuildConfiguration;
			buildSettings = {
				ALWAYS_EMBED_SWIFT_STANDARD_LIBRARIES = YES;
				CODE_SIGN_STYLE = Automatic;
				CURRENT_PROJECT_VERSION = 1;
				GENERATE_INFOPLIST_FILE = YES;
				MARKETING_VERSION = 1.0;
				PRODUCT_BUNDLE_IDENTIFIER = MIT.navigationControllerUITests;
				PRODUCT_NAME = "$(TARGET_NAME)";
				SWIFT_EMIT_LOC_STRINGS = NO;
				SWIFT_VERSION = 5.0;
				TARGETED_DEVICE_FAMILY = "1,2";
				TEST_TARGET_NAME = navigationController;
			};
			name = Release;
		};
/* End XCBuildConfiguration section */

/* Begin XCConfigurationList section */
		3F67F40A2AEFAFAD00C5EB86 /* Build configuration list for PBXProject "navigationController" */ = {
			isa = XCConfigurationList;
			buildConfigurations = (
				3F67F4372AEFAFB100C5EB86 /* Debug */,
				3F67F4382AEFAFB100C5EB86 /* Release */,
			);
			defaultConfigurationIsVisible = 0;
			defaultConfigurationName = Release;
		};
		3F67F4392AEFAFB100C5EB86 /* Build configuration list for PBXNativeTarget "navigationController" */ = {
			isa = XCConfigurationList;
			buildConfigurations = (
				3F67F43A2AEFAFB100C5EB86 /* Debug */,
				3F67F43B2AEFAFB100C5EB86 /* Release */,
			);
			defaultConfigurationIsVisible = 0;
			defaultConfigurationName = Release;
		};
		3F67F43C2AEFAFB100C5EB86 /* Build configuration list for PBXNativeTarget "navigationControllerTests" */ = {
			isa = XCConfigurationList;
			buildConfigurations = (
				3F67F43D2AEFAFB100C5EB86 /* Debug */,
				3F67F43E2AEFAFB100C5EB86 /* Release */,
			);
			defaultConfigurationIsVisible = 0;
			defaultConfigurationName = Release;
		};
		3F67F43F2AEFAFB100C5EB86 /* Build configuration list for PBXNativeTarget "navigationControllerUITests" */ = {
			isa = XCConfigurationList;
			buildConfigurations = (
				3F67F4402AEFAFB100C5EB86 /* Debug */,
				3F67F4412AEFAFB100C5EB86 /* Release */,
			);
			defaultConfigurationIsVisible = 0;
			defaultConfigurationName = Release;
		};
/* End XCConfigurationList section */
	};
	rootObject = 3F67F4072AEFAFAD00C5EB86 /* Project object */;
}
