// !$*UTF8*$!
{
	archiveVersion = 1;
	classes = {
	};
	objectVersion = 56;
	objects = {

/* Begin PBXBuildFile section */
		3FA575352AFC8C6F009EE79F /* AppDelegate.swift in Sources */ = {isa = PBXBuildFile; fileRef = 3FA575342AFC8C6F009EE79F /* AppDelegate.swift */; };
		3FA575372AFC8C6F009EE79F /* SceneDelegate.swift in Sources */ = {isa = PBXBuildFile; fileRef = 3FA575362AFC8C6F009EE79F /* SceneDelegate.swift */; };
		3FA575392AFC8C6F009EE79F /* IntroductionViewController.swift in Sources */ = {isa = PBXBuildFile; fileRef = 3FA575382AFC8C6F009EE79F /* IntroductionViewController.swift */; };
		3FA5753C2AFC8C6F009EE79F /* Main.storyboard in Resources */ = {isa = PBXBuildFile; fileRef = 3FA5753A2AFC8C6F009EE79F /* Main.storyboard */; };
		3FA5753E2AFC8C71009EE79F /* Assets.xcassets in Resources */ = {isa = PBXBuildFile; fileRef = 3FA5753D2AFC8C71009EE79F /* Assets.xcassets */; };
		3FA575412AFC8C71009EE79F /* LaunchScreen.storyboard in Resources */ = {isa = PBXBuildFile; fileRef = 3FA5753F2AFC8C71009EE79F /* LaunchScreen.storyboard */; };
		3FA5754C2AFC8C71009EE79F /* _00911092_PersonalityQuizTests.swift in Sources */ = {isa = PBXBuildFile; fileRef = 3FA5754B2AFC8C71009EE79F /* _00911092_PersonalityQuizTests.swift */; };
		3FA575562AFC8C71009EE79F /* _00911092_PersonalityQuizUITests.swift in Sources */ = {isa = PBXBuildFile; fileRef = 3FA575552AFC8C71009EE79F /* _00911092_PersonalityQuizUITests.swift */; };
		3FA575582AFC8C71009EE79F /* _00911092_PersonalityQuizUITestsLaunchTests.swift in Sources */ = {isa = PBXBuildFile; fileRef = 3FA575572AFC8C71009EE79F /* _00911092_PersonalityQuizUITestsLaunchTests.swift */; };
		3FA575652AFC9387009EE79F /* QuestionViewController.swift in Sources */ = {isa = PBXBuildFile; fileRef = 3FA575642AFC9387009EE79F /* QuestionViewController.swift */; };
		3FA575672AFC93AB009EE79F /* ResultsViewController.swift in Sources */ = {isa = PBXBuildFile; fileRef = 3FA575662AFC93AB009EE79F /* ResultsViewController.swift */; };
		3FA575692AFC9900009EE79F /* Question.swift in Sources */ = {isa = PBXBuildFile; fileRef = 3FA575682AFC9900009EE79F /* Question.swift */; };
/* End PBXBuildFile section */

/* Begin PBXContainerItemProxy section */
		3FA575482AFC8C71009EE79F /* PBXContainerItemProxy */ = {
			isa = PBXContainerItemProxy;
			containerPortal = 3FA575292AFC8C6F009EE79F /* Project object */;
			proxyType = 1;
			remoteGlobalIDString = 3FA575302AFC8C6F009EE79F;
			remoteInfo = 200911092_PersonalityQuiz;
		};
		3FA575522AFC8C71009EE79F /* PBXContainerItemProxy */ = {
			isa = PBXContainerItemProxy;
			containerPortal = 3FA575292AFC8C6F009EE79F /* Project object */;
			proxyType = 1;
			remoteGlobalIDString = 3FA575302AFC8C6F009EE79F;
			remoteInfo = 200911092_PersonalityQuiz;
		};
/* End PBXContainerItemProxy section */

/* Begin PBXFileReference section */
		3FA575312AFC8C6F009EE79F /* 200911092_PersonalityQuiz.app */ = {isa = PBXFileReference; explicitFileType = wrapper.application; includeInIndex = 0; path = 200911092_PersonalityQuiz.app; sourceTree = BUILT_PRODUCTS_DIR; };
		3FA575342AFC8C6F009EE79F /* AppDelegate.swift */ = {isa = PBXFileReference; lastKnownFileType = sourcecode.swift; path = AppDelegate.swift; sourceTree = "<group>"; };
		3FA575362AFC8C6F009EE79F /* SceneDelegate.swift */ = {isa = PBXFileReference; lastKnownFileType = sourcecode.swift; path = SceneDelegate.swift; sourceTree = "<group>"; };
		3FA575382AFC8C6F009EE79F /* IntroductionViewController.swift */ = {isa = PBXFileReference; lastKnownFileType = sourcecode.swift; path = IntroductionViewController.swift; sourceTree = "<group>"; };
		3FA5753B2AFC8C6F009EE79F /* Base */ = {isa = PBXFileReference; lastKnownFileType = file.storyboard; name = Base; path = Base.lproj/Main.storyboard; sourceTree = "<group>"; };
		3FA5753D2AFC8C71009EE79F /* Assets.xcassets */ = {isa = PBXFileReference; lastKnownFileType = folder.assetcatalog; path = Assets.xcassets; sourceTree = "<group>"; };
		3FA575402AFC8C71009EE79F /* Base */ = {isa = PBXFileReference; lastKnownFileType = file.storyboard; name = Base; path = Base.lproj/LaunchScreen.storyboard; sourceTree = "<group>"; };
		3FA575422AFC8C71009EE79F /* Info.plist */ = {isa = PBXFileReference; lastKnownFileType = text.plist.xml; path = Info.plist; sourceTree = "<group>"; };
		3FA575472AFC8C71009EE79F /* 200911092_PersonalityQuizTests.xctest */ = {isa = PBXFileReference; explicitFileType = wrapper.cfbundle; includeInIndex = 0; path = 200911092_PersonalityQuizTests.xctest; sourceTree = BUILT_PRODUCTS_DIR; };
		3FA5754B2AFC8C71009EE79F /* _00911092_PersonalityQuizTests.swift */ = {isa = PBXFileReference; lastKnownFileType = sourcecode.swift; path = _00911092_PersonalityQuizTests.swift; sourceTree = "<group>"; };
		3FA575512AFC8C71009EE79F /* 200911092_PersonalityQuizUITests.xctest */ = {isa = PBXFileReference; explicitFileType = wrapper.cfbundle; includeInIndex = 0; path = 200911092_PersonalityQuizUITests.xctest; sourceTree = BUILT_PRODUCTS_DIR; };
		3FA575552AFC8C71009EE79F /* _00911092_PersonalityQuizUITests.swift */ = {isa = PBXFileReference; lastKnownFileType = sourcecode.swift; path = _00911092_PersonalityQuizUITests.swift; sourceTree = "<group>"; };
		3FA575572AFC8C71009EE79F /* _00911092_PersonalityQuizUITestsLaunchTests.swift */ = {isa = PBXFileReference; lastKnownFileType = sourcecode.swift; path = _00911092_PersonalityQuizUITestsLaunchTests.swift; sourceTree = "<group>"; };
		3FA575642AFC9387009EE79F /* QuestionViewController.swift */ = {isa = PBXFileReference; lastKnownFileType = sourcecode.swift; path = QuestionViewController.swift; sourceTree = "<group>"; };
		3FA575662AFC93AB009EE79F /* ResultsViewController.swift */ = {isa = PBXFileReference; lastKnownFileType = sourcecode.swift; path = ResultsViewController.swift; sourceTree = "<group>"; };
		3FA575682AFC9900009EE79F /* Question.swift */ = {isa = PBXFileReference; lastKnownFileType = sourcecode.swift; path = Question.swift; sourceTree = "<group>"; };
/* End PBXFileReference section */

/* Begin PBXFrameworksBuildPhase section */
		3FA5752E2AFC8C6F009EE79F /* Frameworks */ = {
			isa = PBXFrameworksBuildPhase;
			buildActionMask = 2147483647;
			files = (
			);
			runOnlyForDeploymentPostprocessing = 0;
		};
		3FA575442AFC8C71009EE79F /* Frameworks */ = {
			isa = PBXFrameworksBuildPhase;
			buildActionMask = 2147483647;
			files = (
			);
			runOnlyForDeploymentPostprocessing = 0;
		};
		3FA5754E2AFC8C71009EE79F /* Frameworks */ = {
			isa = PBXFrameworksBuildPhase;
			buildActionMask = 2147483647;
			files = (
			);
			runOnlyForDeploymentPostprocessing = 0;
		};
/* End PBXFrameworksBuildPhase section */

/* Begin PBXGroup section */
		3FA575282AFC8C6F009EE79F = {
			isa = PBXGroup;
			children = (
				3FA575332AFC8C6F009EE79F /* 200911092_PersonalityQuiz */,
				3FA5754A2AFC8C71009EE79F /* 200911092_PersonalityQuizTests */,
				3FA575542AFC8C71009EE79F /* 200911092_PersonalityQuizUITests */,
				3FA575322AFC8C6F009EE79F /* Products */,
			);
			sourceTree = "<group>";
		};
		3FA575322AFC8C6F009EE79F /* Products */ = {
			isa = PBXGroup;
			children = (
				3FA575312AFC8C6F009EE79F /* 200911092_PersonalityQuiz.app */,
				3FA575472AFC8C71009EE79F /* 200911092_PersonalityQuizTests.xctest */,
				3FA575512AFC8C71009EE79F /* 200911092_PersonalityQuizUITests.xctest */,
			);
			name = Products;
			sourceTree = "<group>";
		};
		3FA575332AFC8C6F009EE79F /* 200911092_PersonalityQuiz */ = {
			isa = PBXGroup;
			children = (
				3FA575342AFC8C6F009EE79F /* AppDelegate.swift */,
				3FA575362AFC8C6F009EE79F /* SceneDelegate.swift */,
				3FA575382AFC8C6F009EE79F /* IntroductionViewController.swift */,
				3FA5753A2AFC8C6F009EE79F /* Main.storyboard */,
				3FA575682AFC9900009EE79F /* Question.swift */,
				3FA575642AFC9387009EE79F /* QuestionViewController.swift */,
				3FA575662AFC93AB009EE79F /* ResultsViewController.swift */,
				3FA5753D2AFC8C71009EE79F /* Assets.xcassets */,
				3FA5753F2AFC8C71009EE79F /* LaunchScreen.storyboard */,
				3FA575422AFC8C71009EE79F /* Info.plist */,
			);
			path = 200911092_PersonalityQuiz;
			sourceTree = "<group>";
		};
		3FA5754A2AFC8C71009EE79F /* 200911092_PersonalityQuizTests */ = {
			isa = PBXGroup;
			children = (
				3FA5754B2AFC8C71009EE79F /* _00911092_PersonalityQuizTests.swift */,
			);
			path = 200911092_PersonalityQuizTests;
			sourceTree = "<group>";
		};
		3FA575542AFC8C71009EE79F /* 200911092_PersonalityQuizUITests */ = {
			isa = PBXGroup;
			children = (
				3FA575552AFC8C71009EE79F /* _00911092_PersonalityQuizUITests.swift */,
				3FA575572AFC8C71009EE79F /* _00911092_PersonalityQuizUITestsLaunchTests.swift */,
			);
			path = 200911092_PersonalityQuizUITests;
			sourceTree = "<group>";
		};
/* End PBXGroup section */

/* Begin PBXNativeTarget section */
		3FA575302AFC8C6F009EE79F /* 200911092_PersonalityQuiz */ = {
			isa = PBXNativeTarget;
			buildConfigurationList = 3FA5755B2AFC8C71009EE79F /* Build configuration list for PBXNativeTarget "200911092_PersonalityQuiz" */;
			buildPhases = (
				3FA5752D2AFC8C6F009EE79F /* Sources */,
				3FA5752E2AFC8C6F009EE79F /* Frameworks */,
				3FA5752F2AFC8C6F009EE79F /* Resources */,
			);
			buildRules = (
			);
			dependencies = (
			);
			name = 200911092_PersonalityQuiz;
			productName = 200911092_PersonalityQuiz;
			productReference = 3FA575312AFC8C6F009EE79F /* 200911092_PersonalityQuiz.app */;
			productType = "com.apple.product-type.application";
		};
		3FA575462AFC8C71009EE79F /* 200911092_PersonalityQuizTests */ = {
			isa = PBXNativeTarget;
			buildConfigurationList = 3FA5755E2AFC8C71009EE79F /* Build configuration list for PBXNativeTarget "200911092_PersonalityQuizTests" */;
			buildPhases = (
				3FA575432AFC8C71009EE79F /* Sources */,
				3FA575442AFC8C71009EE79F /* Frameworks */,
				3FA575452AFC8C71009EE79F /* Resources */,
			);
			buildRules = (
			);
			dependencies = (
				3FA575492AFC8C71009EE79F /* PBXTargetDependency */,
			);
			name = 200911092_PersonalityQuizTests;
			productName = 200911092_PersonalityQuizTests;
			productReference = 3FA575472AFC8C71009EE79F /* 200911092_PersonalityQuizTests.xctest */;
			productType = "com.apple.product-type.bundle.unit-test";
		};
		3FA575502AFC8C71009EE79F /* 200911092_PersonalityQuizUITests */ = {
			isa = PBXNativeTarget;
			buildConfigurationList = 3FA575612AFC8C71009EE79F /* Build configuration list for PBXNativeTarget "200911092_PersonalityQuizUITests" */;
			buildPhases = (
				3FA5754D2AFC8C71009EE79F /* Sources */,
				3FA5754E2AFC8C71009EE79F /* Frameworks */,
				3FA5754F2AFC8C71009EE79F /* Resources */,
			);
			buildRules = (
			);
			dependencies = (
				3FA575532AFC8C71009EE79F /* PBXTargetDependency */,
			);
			name = 200911092_PersonalityQuizUITests;
			productName = 200911092_PersonalityQuizUITests;
			productReference = 3FA575512AFC8C71009EE79F /* 200911092_PersonalityQuizUITests.xctest */;
			productType = "com.apple.product-type.bundle.ui-testing";
		};
/* End PBXNativeTarget section */

/* Begin PBXProject section */
		3FA575292AFC8C6F009EE79F /* Project object */ = {
			isa = PBXProject;
			attributes = {
				BuildIndependentTargetsInParallel = 1;
				LastSwiftUpdateCheck = 1430;
				LastUpgradeCheck = 1430;
				TargetAttributes = {
					3FA575302AFC8C6F009EE79F = {
						CreatedOnToolsVersion = 14.3.1;
					};
					3FA575462AFC8C71009EE79F = {
						CreatedOnToolsVersion = 14.3.1;
						TestTargetID = 3FA575302AFC8C6F009EE79F;
					};
					3FA575502AFC8C71009EE79F = {
						CreatedOnToolsVersion = 14.3.1;
						TestTargetID = 3FA575302AFC8C6F009EE79F;
					};
				};
			};
			buildConfigurationList = 3FA5752C2AFC8C6F009EE79F /* Build configuration list for PBXProject "200911092_PersonalityQuiz" */;
			compatibilityVersion = "Xcode 14.0";
			developmentRegion = en;
			hasScannedForEncodings = 0;
			knownRegions = (
				en,
				Base,
			);
			mainGroup = 3FA575282AFC8C6F009EE79F;
			productRefGroup = 3FA575322AFC8C6F009EE79F /* Products */;
			projectDirPath = "";
			projectRoot = "";
			targets = (
				3FA575302AFC8C6F009EE79F /* 200911092_PersonalityQuiz */,
				3FA575462AFC8C71009EE79F /* 200911092_PersonalityQuizTests */,
				3FA575502AFC8C71009EE79F /* 200911092_PersonalityQuizUITests */,
			);
		};
/* End PBXProject section */

/* Begin PBXResourcesBuildPhase section */
		3FA5752F2AFC8C6F009EE79F /* Resources */ = {
			isa = PBXResourcesBuildPhase;
			buildActionMask = 2147483647;
			files = (
				3FA575412AFC8C71009EE79F /* LaunchScreen.storyboard in Resources */,
				3FA5753E2AFC8C71009EE79F /* Assets.xcassets in Resources */,
				3FA5753C2AFC8C6F009EE79F /* Main.storyboard in Resources */,
			);
			runOnlyForDeploymentPostprocessing = 0;
		};
		3FA575452AFC8C71009EE79F /* Resources */ = {
			isa = PBXResourcesBuildPhase;
			buildActionMask = 2147483647;
			files = (
			);
			runOnlyForDeploymentPostprocessing = 0;
		};
		3FA5754F2AFC8C71009EE79F /* Resources */ = {
			isa = PBXResourcesBuildPhase;
			buildActionMask = 2147483647;
			files = (
			);
			runOnlyForDeploymentPostprocessing = 0;
		};
/* End PBXResourcesBuildPhase section */

/* Begin PBXSourcesBuildPhase section */
		3FA5752D2AFC8C6F009EE79F /* Sources */ = {
			isa = PBXSourcesBuildPhase;
			buildActionMask = 2147483647;
			files = (
				3FA575392AFC8C6F009EE79F /* IntroductionViewController.swift in Sources */,
				3FA575352AFC8C6F009EE79F /* AppDelegate.swift in Sources */,
				3FA575652AFC9387009EE79F /* QuestionViewController.swift in Sources */,
				3FA575692AFC9900009EE79F /* Question.swift in Sources */,
				3FA575672AFC93AB009EE79F /* ResultsViewController.swift in Sources */,
				3FA575372AFC8C6F009EE79F /* SceneDelegate.swift in Sources */,
			);
			runOnlyForDeploymentPostprocessing = 0;
		};
		3FA575432AFC8C71009EE79F /* Sources */ = {
			isa = PBXSourcesBuildPhase;
			buildActionMask = 2147483647;
			files = (
				3FA5754C2AFC8C71009EE79F /* _00911092_PersonalityQuizTests.swift in Sources */,
			);
			runOnlyForDeploymentPostprocessing = 0;
		};
		3FA5754D2AFC8C71009EE79F /* Sources */ = {
			isa = PBXSourcesBuildPhase;
			buildActionMask = 2147483647;
			files = (
				3FA575582AFC8C71009EE79F /* _00911092_PersonalityQuizUITestsLaunchTests.swift in Sources */,
				3FA575562AFC8C71009EE79F /* _00911092_PersonalityQuizUITests.swift in Sources */,
			);
			runOnlyForDeploymentPostprocessing = 0;
		};
/* End PBXSourcesBuildPhase section */

/* Begin PBXTargetDependency section */
		3FA575492AFC8C71009EE79F /* PBXTargetDependency */ = {
			isa = PBXTargetDependency;
			target = 3FA575302AFC8C6F009EE79F /* 200911092_PersonalityQuiz */;
			targetProxy = 3FA575482AFC8C71009EE79F /* PBXContainerItemProxy */;
		};
		3FA575532AFC8C71009EE79F /* PBXTargetDependency */ = {
			isa = PBXTargetDependency;
			target = 3FA575302AFC8C6F009EE79F /* 200911092_PersonalityQuiz */;
			targetProxy = 3FA575522AFC8C71009EE79F /* PBXContainerItemProxy */;
		};
/* End PBXTargetDependency section */

/* Begin PBXVariantGroup section */
		3FA5753A2AFC8C6F009EE79F /* Main.storyboard */ = {
			isa = PBXVariantGroup;
			children = (
				3FA5753B2AFC8C6F009EE79F /* Base */,
			);
			name = Main.storyboard;
			sourceTree = "<group>";
		};
		3FA5753F2AFC8C71009EE79F /* LaunchScreen.storyboard */ = {
			isa = PBXVariantGroup;
			children = (
				3FA575402AFC8C71009EE79F /* Base */,
			);
			name = LaunchScreen.storyboard;
			sourceTree = "<group>";
		};
/* End PBXVariantGroup section */

/* Begin XCBuildConfiguration section */
		3FA575592AFC8C71009EE79F /* Debug */ = {
			isa = XCBuildConfiguration;
			buildSettings = {
				ALWAYS_SEARCH_USER_PATHS = NO;
				CLANG_ANALYZER_NONNULL = YES;
				CLANG_ANALYZER_NUMBER_OBJECT_CONVERSION = YES_AGGRESSIVE;
				CLANG_CXX_LANGUAGE_STANDARD = "gnu++20";
				CLANG_ENABLE_MODULES = YES;
				CLANG_ENABLE_OBJC_ARC = YES;
				CLANG_ENABLE_OBJC_WEAK = YES;
				CLANG_WARN_BLOCK_CAPTURE_AUTORELEASING = YES;
				CLANG_WARN_BOOL_CONVERSION = YES;
				CLANG_WARN_COMMA = YES;
				CLANG_WARN_CONSTANT_CONVERSION = YES;
				CLANG_WARN_DEPRECATED_OBJC_IMPLEMENTATIONS = YES;
				CLANG_WARN_DIRECT_OBJC_ISA_USAGE = YES_ERROR;
				CLANG_WARN_DOCUMENTATION_COMMENTS = YES;
				CLANG_WARN_EMPTY_BODY = YES;
				CLANG_WARN_ENUM_CONVERSION = YES;
				CLANG_WARN_INFINITE_RECURSION = YES;
				CLANG_WARN_INT_CONVERSION = YES;
				CLANG_WARN_NON_LITERAL_NULL_CONVERSION = YES;
				CLANG_WARN_OBJC_IMPLICIT_RETAIN_SELF = YES;
				CLANG_WARN_OBJC_LITERAL_CONVERSION = YES;
				CLANG_WARN_OBJC_ROOT_CLASS = YES_ERROR;
				CLANG_WARN_QUOTED_INCLUDE_IN_FRAMEWORK_HEADER = YES;
				CLANG_WARN_RANGE_LOOP_ANALYSIS = YES;
				CLANG_WARN_STRICT_PROTOTYPES = YES;
				CLANG_WARN_SUSPICIOUS_MOVE = YES;
				CLANG_WARN_UNGUARDED_AVAILABILITY = YES_AGGRESSIVE;
				CLANG_WARN_UNREACHABLE_CODE = YES;
				CLANG_WARN__DUPLICATE_METHOD_MATCH = YES;
				COPY_PHASE_STRIP = NO;
				DEBUG_INFORMATION_FORMAT = dwarf;
				ENABLE_STRICT_OBJC_MSGSEND = YES;
				ENABLE_TESTABILITY = YES;
				GCC_C_LANGUAGE_STANDARD = gnu11;
				GCC_DYNAMIC_NO_PIC = NO;
				GCC_NO_COMMON_BLOCKS = YES;
				GCC_OPTIMIZATION_LEVEL = 0;
				GCC_PREPROCESSOR_DEFINITIONS = (
					"DEBUG=1",
					"$(inherited)",
				);
				GCC_WARN_64_TO_32_BIT_CONVERSION = YES;
				GCC_WARN_ABOUT_RETURN_TYPE = YES_ERROR;
				GCC_WARN_UNDECLARED_SELECTOR = YES;
				GCC_WARN_UNINITIALIZED_AUTOS = YES_AGGRESSIVE;
				GCC_WARN_UNUSED_FUNCTION = YES;
				GCC_WARN_UNUSED_VARIABLE = YES;
				IPHONEOS_DEPLOYMENT_TARGET = 16.4;
				MTL_ENABLE_DEBUG_INFO = INCLUDE_SOURCE;
				MTL_FAST_MATH = YES;
				ONLY_ACTIVE_ARCH = YES;
				SDKROOT = iphoneos;
				SWIFT_ACTIVE_COMPILATION_CONDITIONS = DEBUG;
				SWIFT_OPTIMIZATION_LEVEL = "-Onone";
			};
			name = Debug;
		};
		3FA5755A2AFC8C71009EE79F /* Release */ = {
			isa = XCBuildConfiguration;
			buildSettings = {
				ALWAYS_SEARCH_USER_PATHS = NO;
				CLANG_ANALYZER_NONNULL = YES;
				CLANG_ANALYZER_NUMBER_OBJECT_CONVERSION = YES_AGGRESSIVE;
				CLANG_CXX_LANGUAGE_STANDARD = "gnu++20";
				CLANG_ENABLE_MODULES = YES;
				CLANG_ENABLE_OBJC_ARC = YES;
				CLANG_ENABLE_OBJC_WEAK = YES;
				CLANG_WARN_BLOCK_CAPTURE_AUTORELEASING = YES;
				CLANG_WARN_BOOL_CONVERSION = YES;
				CLANG_WARN_COMMA = YES;
				CLANG_WARN_CONSTANT_CONVERSION = YES;
				CLANG_WARN_DEPRECATED_OBJC_IMPLEMENTATIONS = YES;
				CLANG_WARN_DIRECT_OBJC_ISA_USAGE = YES_ERROR;
				CLANG_WARN_DOCUMENTATION_COMMENTS = YES;
				CLANG_WARN_EMPTY_BODY = YES;
				CLANG_WARN_ENUM_CONVERSION = YES;
				CLANG_WARN_INFINITE_RECURSION = YES;
				CLANG_WARN_INT_CONVERSION = YES;
				CLANG_WARN_NON_LITERAL_NULL_CONVERSION = YES;
				CLANG_WARN_OBJC_IMPLICIT_RETAIN_SELF = YES;
				CLANG_WARN_OBJC_LITERAL_CONVERSION = YES;
				CLANG_WARN_OBJC_ROOT_CLASS = YES_ERROR;
				CLANG_WARN_QUOTED_INCLUDE_IN_FRAMEWORK_HEADER = YES;
				CLANG_WARN_RANGE_LOOP_ANALYSIS = YES;
				CLANG_WARN_STRICT_PROTOTYPES = YES;
				CLANG_WARN_SUSPICIOUS_MOVE = YES;
				CLANG_WARN_UNGUARDED_AVAILABILITY = YES_AGGRESSIVE;
				CLANG_WARN_UNREACHABLE_CODE = YES;
				CLANG_WARN__DUPLICATE_METHOD_MATCH = YES;
				COPY_PHASE_STRIP = NO;
				DEBUG_INFORMATION_FORMAT = "dwarf-with-dsym";
				ENABLE_NS_ASSERTIONS = NO;
				ENABLE_STRICT_OBJC_MSGSEND = YES;
				GCC_C_LANGUAGE_STANDARD = gnu11;
				GCC_NO_COMMON_BLOCKS = YES;
				GCC_WARN_64_TO_32_BIT_CONVERSION = YES;
				GCC_WARN_ABOUT_RETURN_TYPE = YES_ERROR;
				GCC_WARN_UNDECLARED_SELECTOR = YES;
				GCC_WARN_UNINITIALIZED_AUTOS = YES_AGGRESSIVE;
				GCC_WARN_UNUSED_FUNCTION = YES;
				GCC_WARN_UNUSED_VARIABLE = YES;
				IPHONEOS_DEPLOYMENT_TARGET = 16.4;
				MTL_ENABLE_DEBUG_INFO = NO;
				MTL_FAST_MATH = YES;
				SDKROOT = iphoneos;
				SWIFT_COMPILATION_MODE = wholemodule;
				SWIFT_OPTIMIZATION_LEVEL = "-O";
				VALIDATE_PRODUCT = YES;
			};
			name = Release;
		};
		3FA5755C2AFC8C71009EE79F /* Debug */ = {
			isa = XCBuildConfiguration;
			buildSettings = {
				ASSETCATALOG_COMPILER_APPICON_NAME = AppIcon;
				ASSETCATALOG_COMPILER_GLOBAL_ACCENT_COLOR_NAME = AccentColor;
				CODE_SIGN_STYLE = Automatic;
				CURRENT_PROJECT_VERSION = 1;
				DEVELOPMENT_TEAM = MP6N4YTCAS;
				GENERATE_INFOPLIST_FILE = YES;
				INFOPLIST_FILE = 200911092_PersonalityQuiz/Info.plist;
				INFOPLIST_KEY_UIApplicationSupportsIndirectInputEvents = YES;
				INFOPLIST_KEY_UILaunchStoryboardName = LaunchScreen;
				INFOPLIST_KEY_UIMainStoryboardFile = Main;
				INFOPLIST_KEY_UISupportedInterfaceOrientations_iPad = "UIInterfaceOrientationPortrait UIInterfaceOrientationPortraitUpsideDown UIInterfaceOrientationLandscapeLeft UIInterfaceOrientationLandscapeRight";
				INFOPLIST_KEY_UISupportedInterfaceOrientations_iPhone = "UIInterfaceOrientationPortrait UIInterfaceOrientationLandscapeLeft UIInterfaceOrientationLandscapeRight";
				LD_RUNPATH_SEARCH_PATHS = (
					"$(inherited)",
					"@executable_path/Frameworks",
				);
				MARKETING_VERSION = 1.0;
				PRODUCT_BUNDLE_IDENTIFIER = "MIT.-00911092-PersonalityQuiz";
				PRODUCT_NAME = "$(TARGET_NAME)";
				SWIFT_EMIT_LOC_STRINGS = YES;
				SWIFT_VERSION = 5.0;
				TARGETED_DEVICE_FAMILY = "1,2";
			};
			name = Debug;
		};
		3FA5755D2AFC8C71009EE79F /* Release */ = {
			isa = XCBuildConfiguration;
			buildSettings = {
				ASSETCATALOG_COMPILER_APPICON_NAME = AppIcon;
				ASSETCATALOG_COMPILER_GLOBAL_ACCENT_COLOR_NAME = AccentColor;
				CODE_SIGN_STYLE = Automatic;
				CURRENT_PROJECT_VERSION = 1;
				DEVELOPMENT_TEAM = MP6N4YTCAS;
				GENERATE_INFOPLIST_FILE = YES;
				INFOPLIST_FILE = 200911092_PersonalityQuiz/Info.plist;
				INFOPLIST_KEY_UIApplicationSupportsIndirectInputEvents = YES;
				INFOPLIST_KEY_UILaunchStoryboardName = LaunchScreen;
				INFOPLIST_KEY_UIMainStoryboardFile = Main;
				INFOPLIST_KEY_UISupportedInterfaceOrientations_iPad = "UIInterfaceOrientationPortrait UIInterfaceOrientationPortraitUpsideDown UIInterfaceOrientationLandscapeLeft UIInterfaceOrientationLandscapeRight";
				INFOPLIST_KEY_UISupportedInterfaceOrientations_iPhone = "UIInterfaceOrientationPortrait UIInterfaceOrientationLandscapeLeft UIInterfaceOrientationLandscapeRight";
				LD_RUNPATH_SEARCH_PATHS = (
					"$(inherited)",
					"@executable_path/Frameworks",
				);
				MARKETING_VERSION = 1.0;
				PRODUCT_BUNDLE_IDENTIFIER = "MIT.-00911092-PersonalityQuiz";
				PRODUCT_NAME = "$(TARGET_NAME)";
				SWIFT_EMIT_LOC_STRINGS = YES;
				SWIFT_VERSION = 5.0;
				TARGETED_DEVICE_FAMILY = "1,2";
			};
			name = Release;
		};
		3FA5755F2AFC8C71009EE79F /* Debug */ = {
			isa = XCBuildConfiguration;
			buildSettings = {
				ALWAYS_EMBED_SWIFT_STANDARD_LIBRARIES = YES;
				BUNDLE_LOADER = "$(TEST_HOST)";
				CODE_SIGN_STYLE = Automatic;
				CURRENT_PROJECT_VERSION = 1;
				DEVELOPMENT_TEAM = MP6N4YTCAS;
				GENERATE_INFOPLIST_FILE = YES;
				IPHONEOS_DEPLOYMENT_TARGET = 16.4;
				MARKETING_VERSION = 1.0;
				PRODUCT_BUNDLE_IDENTIFIER = "MIT.-00911092-PersonalityQuizTests";
				PRODUCT_NAME = "$(TARGET_NAME)";
				SWIFT_EMIT_LOC_STRINGS = NO;
				SWIFT_VERSION = 5.0;
				TARGETED_DEVICE_FAMILY = "1,2";
				TEST_HOST = "$(BUILT_PRODUCTS_DIR)/200911092_PersonalityQuiz.app/$(BUNDLE_EXECUTABLE_FOLDER_PATH)/200911092_PersonalityQuiz";
			};
			name = Debug;
		};
		3FA575602AFC8C71009EE79F /* Release */ = {
			isa = XCBuildConfiguration;
			buildSettings = {
				ALWAYS_EMBED_SWIFT_STANDARD_LIBRARIES = YES;
				BUNDLE_LOADER = "$(TEST_HOST)";
				CODE_SIGN_STYLE = Automatic;
				CURRENT_PROJECT_VERSION = 1;
				DEVELOPMENT_TEAM = MP6N4YTCAS;
				GENERATE_INFOPLIST_FILE = YES;
				IPHONEOS_DEPLOYMENT_TARGET = 16.4;
				MARKETING_VERSION = 1.0;
				PRODUCT_BUNDLE_IDENTIFIER = "MIT.-00911092-PersonalityQuizTests";
				PRODUCT_NAME = "$(TARGET_NAME)";
				SWIFT_EMIT_LOC_STRINGS = NO;
				SWIFT_VERSION = 5.0;
				TARGETED_DEVICE_FAMILY = "1,2";
				TEST_HOST = "$(BUILT_PRODUCTS_DIR)/200911092_PersonalityQuiz.app/$(BUNDLE_EXECUTABLE_FOLDER_PATH)/200911092_PersonalityQuiz";
			};
			name = Release;
		};
		3FA575622AFC8C71009EE79F /* Debug */ = {
			isa = XCBuildConfiguration;
			buildSettings = {
				ALWAYS_EMBED_SWIFT_STANDARD_LIBRARIES = YES;
				CODE_SIGN_STYLE = Automatic;
				CURRENT_PROJECT_VERSION = 1;
				DEVELOPMENT_TEAM = MP6N4YTCAS;
				GENERATE_INFOPLIST_FILE = YES;
				MARKETING_VERSION = 1.0;
				PRODUCT_BUNDLE_IDENTIFIER = "MIT.-00911092-PersonalityQuizUITests";
				PRODUCT_NAME = "$(TARGET_NAME)";
				SWIFT_EMIT_LOC_STRINGS = NO;
				SWIFT_VERSION = 5.0;
				TARGETED_DEVICE_FAMILY = "1,2";
				TEST_TARGET_NAME = 200911092_PersonalityQuiz;
			};
			name = Debug;
		};
		3FA575632AFC8C71009EE79F /* Release */ = {
			isa = XCBuildConfiguration;
			buildSettings = {
				ALWAYS_EMBED_SWIFT_STANDARD_LIBRARIES = YES;
				CODE_SIGN_STYLE = Automatic;
				CURRENT_PROJECT_VERSION = 1;
				DEVELOPMENT_TEAM = MP6N4YTCAS;
				GENERATE_INFOPLIST_FILE = YES;
				MARKETING_VERSION = 1.0;
				PRODUCT_BUNDLE_IDENTIFIER = "MIT.-00911092-PersonalityQuizUITests";
				PRODUCT_NAME = "$(TARGET_NAME)";
				SWIFT_EMIT_LOC_STRINGS = NO;
				SWIFT_VERSION = 5.0;
				TARGETED_DEVICE_FAMILY = "1,2";
				TEST_TARGET_NAME = 200911092_PersonalityQuiz;
			};
			name = Release;
		};
/* End XCBuildConfiguration section */

/* Begin XCConfigurationList section */
		3FA5752C2AFC8C6F009EE79F /* Build configuration list for PBXProject "200911092_PersonalityQuiz" */ = {
			isa = XCConfigurationList;
			buildConfigurations = (
				3FA575592AFC8C71009EE79F /* Debug */,
				3FA5755A2AFC8C71009EE79F /* Release */,
			);
			defaultConfigurationIsVisible = 0;
			defaultConfigurationName = Release;
		};
		3FA5755B2AFC8C71009EE79F /* Build configuration list for PBXNativeTarget "200911092_PersonalityQuiz" */ = {
			isa = XCConfigurationList;
			buildConfigurations = (
				3FA5755C2AFC8C71009EE79F /* Debug */,
				3FA5755D2AFC8C71009EE79F /* Release */,
			);
			defaultConfigurationIsVisible = 0;
			defaultConfigurationName = Release;
		};
		3FA5755E2AFC8C71009EE79F /* Build configuration list for PBXNativeTarget "200911092_PersonalityQuizTests" */ = {
			isa = XCConfigurationList;
			buildConfigurations = (
				3FA5755F2AFC8C71009EE79F /* Debug */,
				3FA575602AFC8C71009EE79F /* Release */,
			);
			defaultConfigurationIsVisible = 0;
			defaultConfigurationName = Release;
		};
		3FA575612AFC8C71009EE79F /* Build configuration list for PBXNativeTarget "200911092_PersonalityQuizUITests" */ = {
			isa = XCConfigurationList;
			buildConfigurations = (
				3FA575622AFC8C71009EE79F /* Debug */,
				3FA575632AFC8C71009EE79F /* Release */,
			);
			defaultConfigurationIsVisible = 0;
			defaultConfigurationName = Release;
		};
/* End XCConfigurationList section */
	};
	rootObject = 3FA575292AFC8C6F009EE79F /* Project object */;
}
